
Microsoft Visual Studio Solution File, Format Version 12.00
# Visual Studio 14
VisualStudioVersion = 14.0.25420.1
MinimumVisualStudioVersion = 10.0.40219.1
Project("{D954291E-2A0B-460D-934E-DC6B0785DB48}") = "Lumi3", "Lumi3\Lumi3\Lumi3.shproj", "{955CBD76-1085-4317-BCBF-0142310CFA0B}"
EndProject
Project("{FAE04EC0-301F-11D3-BF4B-00C04F79EFBC}") = "Lumi3.Droid", "Lumi3\Lumi3.Droid\Lumi3.Droid.csproj", "{069814A8-C63E-435B-858A-25D9F1330116}"
EndProject
Project("{FAE04EC0-301F-11D3-BF4B-00C04F79EFBC}") = "Lumi3.iOS", "Lumi3\Lumi3.iOS\Lumi3.iOS.csproj", "{346C9CDC-B481-4796-9BAC-D25EF35CCC83}"
EndProject
Project("{FAE04EC0-301F-11D3-BF4B-00C04F79EFBC}") = "Lumi3.WinPhone", "Lumi3\Lumi3.WinPhone\Lumi3.WinPhone.csproj", "{903C6F00-958D-4154-A4AC-9352B6C23617}"
EndProject
Project("{FAE04EC0-301F-11D3-BF4B-00C04F79EFBC}") = "Lumi3.UWP", "Lumi3\Lumi3.UWP\Lumi3.UWP.csproj", "{9CFE2C1B-D613-4269-ABCE-262A5BDC01C1}"
EndProject
Project("{FAE04EC0-301F-11D3-BF4B-00C04F79EFBC}") = "Lumi3.Windows", "Lumi3\Lumi3.Windows\Lumi3.Windows.csproj", "{3E620DC7-D298-4E36-9082-8C9A1180ABC6}"
EndProject
Global
	GlobalSection(SharedMSBuildProjectFiles) = preSolution
		Lumi3\Lumi3\Lumi3.projitems*{069814a8-c63e-435b-858a-25d9f1330116}*SharedItemsImports = 4
		Lumi3\Lumi3\Lumi3.projitems*{346c9cdc-b481-4796-9bac-d25ef35ccc83}*SharedItemsImports = 4
		Lumi3\Lumi3\Lumi3.projitems*{955cbd76-1085-4317-bcbf-0142310cfa0b}*SharedItemsImports = 13
	EndGlobalSection
	GlobalSection(SolutionConfigurationPlatforms) = preSolution
		Ad-Hoc|Any CPU = Ad-Hoc|Any CPU
		Ad-Hoc|ARM = Ad-Hoc|ARM
		Ad-Hoc|iPhone = Ad-Hoc|iPhone
		Ad-Hoc|iPhoneSimulator = Ad-Hoc|iPhoneSimulator
		Ad-Hoc|x64 = Ad-Hoc|x64
		Ad-Hoc|x86 = Ad-Hoc|x86
		AppStore|Any CPU = AppStore|Any CPU
		AppStore|ARM = AppStore|ARM
		AppStore|iPhone = AppStore|iPhone
		AppStore|iPhoneSimulator = AppStore|iPhoneSimulator
		AppStore|x64 = AppStore|x64
		AppStore|x86 = AppStore|x86
		Debug|Any CPU = Debug|Any CPU
		Debug|ARM = Debug|ARM
		Debug|iPhone = Debug|iPhone
		Debug|iPhoneSimulator = Debug|iPhoneSimulator
		Debug|x64 = Debug|x64
		Debug|x86 = Debug|x86
		Release|Any CPU = Release|Any CPU
		Release|ARM = Release|ARM
		Release|iPhone = Release|iPhone
		Release|iPhoneSimulator = Release|iPhoneSimulator
		Release|x64 = Release|x64
		Release|x86 = Release|x86
	EndGlobalSection
	GlobalSection(ProjectConfigurationPlatforms) = postSolution
		{069814A8-C63E-435B-858A-25D9F1330116}.Ad-Hoc|Any CPU.ActiveCfg = Release|Any CPU
		{069814A8-C63E-435B-858A-25D9F1330116}.Ad-Hoc|Any CPU.Build.0 = Release|Any CPU
		{069814A8-C63E-435B-858A-25D9F1330116}.Ad-Hoc|Any CPU.Deploy.0 = Release|Any CPU
		{069814A8-C63E-435B-858A-25D9F1330116}.Ad-Hoc|ARM.ActiveCfg = Release|Any CPU
		{069814A8-C63E-435B-858A-25D9F1330116}.Ad-Hoc|ARM.Build.0 = Release|Any CPU
		{069814A8-C63E-435B-858A-25D9F1330116}.Ad-Hoc|ARM.Deploy.0 = Release|Any CPU
		{069814A8-C63E-435B-858A-25D9F1330116}.Ad-Hoc|iPhone.ActiveCfg = Release|Any CPU
		{069814A8-C63E-435B-858A-25D9F1330116}.Ad-Hoc|iPhone.Build.0 = Release|Any CPU
		{069814A8-C63E-435B-858A-25D9F1330116}.Ad-Hoc|iPhone.Deploy.0 = Release|Any CPU
		{069814A8-C63E-435B-858A-25D9F1330116}.Ad-Hoc|iPhoneSimulator.ActiveCfg = Release|Any CPU
		{069814A8-C63E-435B-858A-25D9F1330116}.Ad-Hoc|iPhoneSimulator.Build.0 = Release|Any CPU
		{069814A8-C63E-435B-858A-25D9F1330116}.Ad-Hoc|iPhoneSimulator.Deploy.0 = Release|Any CPU
		{069814A8-C63E-435B-858A-25D9F1330116}.Ad-Hoc|x64.ActiveCfg = Release|Any CPU
		{069814A8-C63E-435B-858A-25D9F1330116}.Ad-Hoc|x64.Build.0 = Release|Any CPU
		{069814A8-C63E-435B-858A-25D9F1330116}.Ad-Hoc|x64.Deploy.0 = Release|Any CPU
		{069814A8-C63E-435B-858A-25D9F1330116}.Ad-Hoc|x86.ActiveCfg = Release|Any CPU
		{069814A8-C63E-435B-858A-25D9F1330116}.Ad-Hoc|x86.Build.0 = Release|Any CPU
		{069814A8-C63E-435B-858A-25D9F1330116}.Ad-Hoc|x86.Deploy.0 = Release|Any CPU
		{069814A8-C63E-435B-858A-25D9F1330116}.AppStore|Any CPU.ActiveCfg = Release|Any CPU
		{069814A8-C63E-435B-858A-25D9F1330116}.AppStore|Any CPU.Build.0 = Release|Any CPU
		{069814A8-C63E-435B-858A-25D9F1330116}.AppStore|Any CPU.Deploy.0 = Release|Any CPU
		{069814A8-C63E-435B-858A-25D9F1330116}.AppStore|ARM.ActiveCfg = Release|Any CPU
		{069814A8-C63E-435B-858A-25D9F1330116}.AppStore|ARM.Build.0 = Release|Any CPU
		{069814A8-C63E-435B-858A-25D9F1330116}.AppStore|ARM.Deploy.0 = Release|Any CPU
		{069814A8-C63E-435B-858A-25D9F1330116}.AppStore|iPhone.ActiveCfg = Release|Any CPU
		{069814A8-C63E-435B-858A-25D9F1330116}.AppStore|iPhone.Build.0 = Release|Any CPU
		{069814A8-C63E-435B-858A-25D9F1330116}.AppStore|iPhone.Deploy.0 = Release|Any CPU
		{069814A8-C63E-435B-858A-25D9F1330116}.AppStore|iPhoneSimulator.ActiveCfg = Release|Any CPU
		{069814A8-C63E-435B-858A-25D9F1330116}.AppStore|iPhoneSimulator.Build.0 = Release|Any CPU
		{069814A8-C63E-435B-858A-25D9F1330116}.AppStore|iPhoneSimulator.Deploy.0 = Release|Any CPU
		{069814A8-C63E-435B-858A-25D9F1330116}.AppStore|x64.ActiveCfg = Release|Any CPU
		{069814A8-C63E-435B-858A-25D9F1330116}.AppStore|x64.Build.0 = Release|Any CPU
		{069814A8-C63E-435B-858A-25D9F1330116}.AppStore|x64.Deploy.0 = Release|Any CPU
		{069814A8-C63E-435B-858A-25D9F1330116}.AppStore|x86.ActiveCfg = Release|Any CPU
		{069814A8-C63E-435B-858A-25D9F1330116}.AppStore|x86.Build.0 = Release|Any CPU
		{069814A8-C63E-435B-858A-25D9F1330116}.AppStore|x86.Deploy.0 = Release|Any CPU
		{069814A8-C63E-435B-858A-25D9F1330116}.Debug|Any CPU.ActiveCfg = Debug|Any CPU
		{069814A8-C63E-435B-858A-25D9F1330116}.Debug|Any CPU.Build.0 = Debug|Any CPU
		{069814A8-C63E-435B-858A-25D9F1330116}.Debug|Any CPU.Deploy.0 = Debug|Any CPU
		{069814A8-C63E-435B-858A-25D9F1330116}.Debug|ARM.ActiveCfg = Debug|Any CPU
		{069814A8-C63E-435B-858A-25D9F1330116}.Debug|ARM.Build.0 = Debug|Any CPU
		{069814A8-C63E-435B-858A-25D9F1330116}.Debug|ARM.Deploy.0 = Debug|Any CPU
		{069814A8-C63E-435B-858A-25D9F1330116}.Debug|iPhone.ActiveCfg = Debug|Any CPU
		{069814A8-C63E-435B-858A-25D9F1330116}.Debug|iPhone.Build.0 = Debug|Any CPU
		{069814A8-C63E-435B-858A-25D9F1330116}.Debug|iPhone.Deploy.0 = Debug|Any CPU
		{069814A8-C63E-435B-858A-25D9F1330116}.Debug|iPhoneSimulator.ActiveCfg = Debug|Any CPU
		{069814A8-C63E-435B-858A-25D9F1330116}.Debug|iPhoneSimulator.Build.0 = Debug|Any CPU
		{069814A8-C63E-435B-858A-25D9F1330116}.Debug|iPhoneSimulator.Deploy.0 = Debug|Any CPU
		{069814A8-C63E-435B-858A-25D9F1330116}.Debug|x64.ActiveCfg = Debug|Any CPU
		{069814A8-C63E-435B-858A-25D9F1330116}.Debug|x64.Build.0 = Debug|Any CPU
		{069814A8-C63E-435B-858A-25D9F1330116}.Debug|x64.Deploy.0 = Debug|Any CPU
		{069814A8-C63E-435B-858A-25D9F1330116}.Debug|x86.ActiveCfg = Debug|Any CPU
		{069814A8-C63E-435B-858A-25D9F1330116}.Debug|x86.Build.0 = Debug|Any CPU
		{069814A8-C63E-435B-858A-25D9F1330116}.Debug|x86.Deploy.0 = Debug|Any CPU
		{069814A8-C63E-435B-858A-25D9F1330116}.Release|Any CPU.ActiveCfg = Release|Any CPU
		{069814A8-C63E-435B-858A-25D9F1330116}.Release|Any CPU.Build.0 = Release|Any CPU
		{069814A8-C63E-435B-858A-25D9F1330116}.Release|Any CPU.Deploy.0 = Release|Any CPU
		{069814A8-C63E-435B-858A-25D9F1330116}.Release|ARM.ActiveCfg = Release|Any CPU
		{069814A8-C63E-435B-858A-25D9F1330116}.Release|ARM.Build.0 = Release|Any CPU
		{069814A8-C63E-435B-858A-25D9F1330116}.Release|ARM.Deploy.0 = Release|Any CPU
		{069814A8-C63E-435B-858A-25D9F1330116}.Release|iPhone.ActiveCfg = Release|Any CPU
		{069814A8-C63E-435B-858A-25D9F1330116}.Release|iPhone.Build.0 = Release|Any CPU
		{069814A8-C63E-435B-858A-25D9F1330116}.Release|iPhone.Deploy.0 = Release|Any CPU
		{069814A8-C63E-435B-858A-25D9F1330116}.Release|iPhoneSimulator.ActiveCfg = Release|Any CPU
		{069814A8-C63E-435B-858A-25D9F1330116}.Release|iPhoneSimulator.Build.0 = Release|Any CPU
		{069814A8-C63E-435B-858A-25D9F1330116}.Release|iPhoneSimulator.Deploy.0 = Release|Any CPU
		{069814A8-C63E-435B-858A-25D9F1330116}.Release|x64.ActiveCfg = Release|Any CPU
		{069814A8-C63E-435B-858A-25D9F1330116}.Release|x64.Build.0 = Release|Any CPU
		{069814A8-C63E-435B-858A-25D9F1330116}.Release|x64.Deploy.0 = Release|Any CPU
		{069814A8-C63E-435B-858A-25D9F1330116}.Release|x86.ActiveCfg = Release|Any CPU
		{069814A8-C63E-435B-858A-25D9F1330116}.Release|x86.Build.0 = Release|Any CPU
		{069814A8-C63E-435B-858A-25D9F1330116}.Release|x86.Deploy.0 = Release|Any CPU
		{346C9CDC-B481-4796-9BAC-D25EF35CCC83}.Ad-Hoc|Any CPU.ActiveCfg = Ad-Hoc|iPhone
		{346C9CDC-B481-4796-9BAC-D25EF35CCC83}.Ad-Hoc|ARM.ActiveCfg = Ad-Hoc|iPhone
		{346C9CDC-B481-4796-9BAC-D25EF35CCC83}.Ad-Hoc|iPhone.ActiveCfg = Ad-Hoc|iPhone
		{346C9CDC-B481-4796-9BAC-D25EF35CCC83}.Ad-Hoc|iPhone.Build.0 = Ad-Hoc|iPhone
		{346C9CDC-B481-4796-9BAC-D25EF35CCC83}.Ad-Hoc|iPhoneSimulator.ActiveCfg = Ad-Hoc|iPhoneSimulator
		{346C9CDC-B481-4796-9BAC-D25EF35CCC83}.Ad-Hoc|iPhoneSimulator.Build.0 = Ad-Hoc|iPhoneSimulator
		{346C9CDC-B481-4796-9BAC-D25EF35CCC83}.Ad-Hoc|x64.ActiveCfg = Ad-Hoc|iPhone
		{346C9CDC-B481-4796-9BAC-D25EF35CCC83}.Ad-Hoc|x86.ActiveCfg = Ad-Hoc|iPhone
		{346C9CDC-B481-4796-9BAC-D25EF35CCC83}.AppStore|Any CPU.ActiveCfg = AppStore|iPhone
		{346C9CDC-B481-4796-9BAC-D25EF35CCC83}.AppStore|ARM.ActiveCfg = AppStore|iPhone
		{346C9CDC-B481-4796-9BAC-D25EF35CCC83}.AppStore|iPhone.ActiveCfg = AppStore|iPhone
		{346C9CDC-B481-4796-9BAC-D25EF35CCC83}.AppStore|iPhone.Build.0 = AppStore|iPhone
		{346C9CDC-B481-4796-9BAC-D25EF35CCC83}.AppStore|iPhoneSimulator.ActiveCfg = AppStore|iPhoneSimulator
		{346C9CDC-B481-4796-9BAC-D25EF35CCC83}.AppStore|iPhoneSimulator.Build.0 = AppStore|iPhoneSimulator
		{346C9CDC-B481-4796-9BAC-D25EF35CCC83}.AppStore|x64.ActiveCfg = AppStore|iPhone
		{346C9CDC-B481-4796-9BAC-D25EF35CCC83}.AppStore|x86.ActiveCfg = AppStore|iPhone
		{346C9CDC-B481-4796-9BAC-D25EF35CCC83}.Debug|Any CPU.ActiveCfg = Debug|iPhone
		{346C9CDC-B481-4796-9BAC-D25EF35CCC83}.Debug|Any CPU.Build.0 = Debug|iPhone
		{346C9CDC-B481-4796-9BAC-D25EF35CCC83}.Debug|Any CPU.Deploy.0 = Debug|iPhone
		{346C9CDC-B481-4796-9BAC-D25EF35CCC83}.Debug|ARM.ActiveCfg = Debug|iPhone
		{346C9CDC-B481-4796-9BAC-D25EF35CCC83}.Debug|iPhone.ActiveCfg = Debug|iPhone
		{346C9CDC-B481-4796-9BAC-D25EF35CCC83}.Debug|iPhone.Build.0 = Debug|iPhone
		{346C9CDC-B481-4796-9BAC-D25EF35CCC83}.Debug|iPhoneSimulator.ActiveCfg = Debug|iPhoneSimulator
		{346C9CDC-B481-4796-9BAC-D25EF35CCC83}.Debug|iPhoneSimulator.Build.0 = Debug|iPhoneSimulator
		{346C9CDC-B481-4796-9BAC-D25EF35CCC83}.Debug|x64.ActiveCfg = Debug|iPhone
		{346C9CDC-B481-4796-9BAC-D25EF35CCC83}.Debug|x86.ActiveCfg = Debug|iPhone
		{346C9CDC-B481-4796-9BAC-D25EF35CCC83}.Release|Any CPU.ActiveCfg = Release|iPhone
		{346C9CDC-B481-4796-9BAC-D25EF35CCC83}.Release|ARM.ActiveCfg = Release|iPhone
		{346C9CDC-B481-4796-9BAC-D25EF35CCC83}.Release|iPhone.ActiveCfg = Release|iPhone
		{346C9CDC-B481-4796-9BAC-D25EF35CCC83}.Release|iPhone.Build.0 = Release|iPhone
		{346C9CDC-B481-4796-9BAC-D25EF35CCC83}.Release|iPhoneSimulator.ActiveCfg = Release|iPhoneSimulator
		{346C9CDC-B481-4796-9BAC-D25EF35CCC83}.Release|iPhoneSimulator.Build.0 = Release|iPhoneSimulator
		{346C9CDC-B481-4796-9BAC-D25EF35CCC83}.Release|x64.ActiveCfg = Release|iPhone
		{346C9CDC-B481-4796-9BAC-D25EF35CCC83}.Release|x86.ActiveCfg = Release|iPhone
		{903C6F00-958D-4154-A4AC-9352B6C23617}.Ad-Hoc|Any CPU.ActiveCfg = Release|Any CPU
		{903C6F00-958D-4154-A4AC-9352B6C23617}.Ad-Hoc|Any CPU.Build.0 = Release|Any CPU
		{903C6F00-958D-4154-A4AC-9352B6C23617}.Ad-Hoc|Any CPU.Deploy.0 = Release|Any CPU
		{903C6F00-958D-4154-A4AC-9352B6C23617}.Ad-Hoc|ARM.ActiveCfg = Release|ARM
		{903C6F00-958D-4154-A4AC-9352B6C23617}.Ad-Hoc|ARM.Build.0 = Release|ARM
		{903C6F00-958D-4154-A4AC-9352B6C23617}.Ad-Hoc|ARM.Deploy.0 = Release|ARM
		{903C6F00-958D-4154-A4AC-9352B6C23617}.Ad-Hoc|iPhone.ActiveCfg = Release|Any CPU
		{903C6F00-958D-4154-A4AC-9352B6C23617}.Ad-Hoc|iPhone.Build.0 = Release|Any CPU
		{903C6F00-958D-4154-A4AC-9352B6C23617}.Ad-Hoc|iPhone.Deploy.0 = Release|Any CPU
		{903C6F00-958D-4154-A4AC-9352B6C23617}.Ad-Hoc|iPhoneSimulator.ActiveCfg = Release|Any CPU
		{903C6F00-958D-4154-A4AC-9352B6C23617}.Ad-Hoc|iPhoneSimulator.Build.0 = Release|Any CPU
		{903C6F00-958D-4154-A4AC-9352B6C23617}.Ad-Hoc|iPhoneSimulator.Deploy.0 = Release|Any CPU
		{903C6F00-958D-4154-A4AC-9352B6C23617}.Ad-Hoc|x64.ActiveCfg = Release|Any CPU
		{903C6F00-958D-4154-A4AC-9352B6C23617}.Ad-Hoc|x64.Build.0 = Release|Any CPU
		{903C6F00-958D-4154-A4AC-9352B6C23617}.Ad-Hoc|x64.Deploy.0 = Release|Any CPU
		{903C6F00-958D-4154-A4AC-9352B6C23617}.Ad-Hoc|x86.ActiveCfg = Release|x86
		{903C6F00-958D-4154-A4AC-9352B6C23617}.Ad-Hoc|x86.Build.0 = Release|x86
		{903C6F00-958D-4154-A4AC-9352B6C23617}.Ad-Hoc|x86.Deploy.0 = Release|x86
		{903C6F00-958D-4154-A4AC-9352B6C23617}.AppStore|Any CPU.ActiveCfg = Release|Any CPU
		{903C6F00-958D-4154-A4AC-9352B6C23617}.AppStore|Any CPU.Build.0 = Release|Any CPU
		{903C6F00-958D-4154-A4AC-9352B6C23617}.AppStore|Any CPU.Deploy.0 = Release|Any CPU
		{903C6F00-958D-4154-A4AC-9352B6C23617}.AppStore|ARM.ActiveCfg = Release|ARM
		{903C6F00-958D-4154-A4AC-9352B6C23617}.AppStore|ARM.Build.0 = Release|ARM
		{903C6F00-958D-4154-A4AC-9352B6C23617}.AppStore|ARM.Deploy.0 = Release|ARM
		{903C6F00-958D-4154-A4AC-9352B6C23617}.AppStore|iPhone.ActiveCfg = Release|Any CPU
		{903C6F00-958D-4154-A4AC-9352B6C23617}.AppStore|iPhone.Build.0 = Release|Any CPU
		{903C6F00-958D-4154-A4AC-9352B6C23617}.AppStore|iPhone.Deploy.0 = Release|Any CPU
		{903C6F00-958D-4154-A4AC-9352B6C23617}.AppStore|iPhoneSimulator.ActiveCfg = Release|Any CPU
		{903C6F00-958D-4154-A4AC-9352B6C23617}.AppStore|iPhoneSimulator.Build.0 = Release|Any CPU
		{903C6F00-958D-4154-A4AC-9352B6C23617}.AppStore|iPhoneSimulator.Deploy.0 = Release|Any CPU
		{903C6F00-958D-4154-A4AC-9352B6C23617}.AppStore|x64.ActiveCfg = Release|Any CPU
		{903C6F00-958D-4154-A4AC-9352B6C23617}.AppStore|x64.Build.0 = Release|Any CPU
		{903C6F00-958D-4154-A4AC-9352B6C23617}.AppStore|x64.Deploy.0 = Release|Any CPU
		{903C6F00-958D-4154-A4AC-9352B6C23617}.AppStore|x86.ActiveCfg = Release|x86
		{903C6F00-958D-4154-A4AC-9352B6C23617}.AppStore|x86.Build.0 = Release|x86
		{903C6F00-958D-4154-A4AC-9352B6C23617}.AppStore|x86.Deploy.0 = Release|x86
		{903C6F00-958D-4154-A4AC-9352B6C23617}.Debug|Any CPU.ActiveCfg = Debug|Any CPU
		{903C6F00-958D-4154-A4AC-9352B6C23617}.Debug|Any CPU.Build.0 = Debug|Any CPU
		{903C6F00-958D-4154-A4AC-9352B6C23617}.Debug|Any CPU.Deploy.0 = Debug|Any CPU
		{903C6F00-958D-4154-A4AC-9352B6C23617}.Debug|ARM.ActiveCfg = Debug|ARM
		{903C6F00-958D-4154-A4AC-9352B6C23617}.Debug|ARM.Build.0 = Debug|ARM
		{903C6F00-958D-4154-A4AC-9352B6C23617}.Debug|ARM.Deploy.0 = Debug|ARM
		{903C6F00-958D-4154-A4AC-9352B6C23617}.Debug|iPhone.ActiveCfg = Debug|Any CPU
		{903C6F00-958D-4154-A4AC-9352B6C23617}.Debug|iPhone.Build.0 = Debug|Any CPU
		{903C6F00-958D-4154-A4AC-9352B6C23617}.Debug|iPhone.Deploy.0 = Debug|Any CPU
		{903C6F00-958D-4154-A4AC-9352B6C23617}.Debug|iPhoneSimulator.ActiveCfg = Debug|Any CPU
		{903C6F00-958D-4154-A4AC-9352B6C23617}.Debug|iPhoneSimulator.Build.0 = Debug|Any CPU
		{903C6F00-958D-4154-A4AC-9352B6C23617}.Debug|iPhoneSimulator.Deploy.0 = Debug|Any CPU
		{903C6F00-958D-4154-A4AC-9352B6C23617}.Debug|x64.ActiveCfg = Debug|Any CPU
		{903C6F00-958D-4154-A4AC-9352B6C23617}.Debug|x64.Build.0 = Debug|Any CPU
		{903C6F00-958D-4154-A4AC-9352B6C23617}.Debug|x64.Deploy.0 = Debug|Any CPU
		{903C6F00-958D-4154-A4AC-9352B6C23617}.Debug|x86.ActiveCfg = Debug|x86
		{903C6F00-958D-4154-A4AC-9352B6C23617}.Debug|x86.Build.0 = Debug|x86
		{903C6F00-958D-4154-A4AC-9352B6C23617}.Debug|x86.Deploy.0 = Debug|x86
		{903C6F00-958D-4154-A4AC-9352B6C23617}.Release|Any CPU.ActiveCfg = Release|Any CPU
		{903C6F00-958D-4154-A4AC-9352B6C23617}.Release|Any CPU.Build.0 = Release|Any CPU
		{903C6F00-958D-4154-A4AC-9352B6C23617}.Release|Any CPU.Deploy.0 = Release|Any CPU
		{903C6F00-958D-4154-A4AC-9352B6C23617}.Release|ARM.ActiveCfg = Release|ARM
		{903C6F00-958D-4154-A4AC-9352B6C23617}.Release|ARM.Build.0 = Release|ARM
		{903C6F00-958D-4154-A4AC-9352B6C23617}.Release|ARM.Deploy.0 = Release|ARM
		{903C6F00-958D-4154-A4AC-9352B6C23617}.Release|iPhone.ActiveCfg = Release|Any CPU
		{903C6F00-958D-4154-A4AC-9352B6C23617}.Release|iPhone.Build.0 = Release|Any CPU
		{903C6F00-958D-4154-A4AC-9352B6C23617}.Release|iPhone.Deploy.0 = Release|Any CPU
		{903C6F00-958D-4154-A4AC-9352B6C23617}.Release|iPhoneSimulator.ActiveCfg = Release|Any CPU
		{903C6F00-958D-4154-A4AC-9352B6C23617}.Release|iPhoneSimulator.Build.0 = Release|Any CPU
		{903C6F00-958D-4154-A4AC-9352B6C23617}.Release|iPhoneSimulator.Deploy.0 = Release|Any CPU
		{903C6F00-958D-4154-A4AC-9352B6C23617}.Release|x64.ActiveCfg = Release|Any CPU
		{903C6F00-958D-4154-A4AC-9352B6C23617}.Release|x64.Build.0 = Release|Any CPU
		{903C6F00-958D-4154-A4AC-9352B6C23617}.Release|x64.Deploy.0 = Release|Any CPU
		{903C6F00-958D-4154-A4AC-9352B6C23617}.Release|x86.ActiveCfg = Release|x86
		{903C6F00-958D-4154-A4AC-9352B6C23617}.Release|x86.Build.0 = Release|x86
		{903C6F00-958D-4154-A4AC-9352B6C23617}.Release|x86.Deploy.0 = Release|x86
		{9CFE2C1B-D613-4269-ABCE-262A5BDC01C1}.Ad-Hoc|Any CPU.ActiveCfg = Release|x86
		{9CFE2C1B-D613-4269-ABCE-262A5BDC01C1}.Ad-Hoc|Any CPU.Build.0 = Release|x86
		{9CFE2C1B-D613-4269-ABCE-262A5BDC01C1}.Ad-Hoc|Any CPU.Deploy.0 = Release|x86
		{9CFE2C1B-D613-4269-ABCE-262A5BDC01C1}.Ad-Hoc|ARM.ActiveCfg = Release|ARM
		{9CFE2C1B-D613-4269-ABCE-262A5BDC01C1}.Ad-Hoc|ARM.Build.0 = Release|ARM
		{9CFE2C1B-D613-4269-ABCE-262A5BDC01C1}.Ad-Hoc|ARM.Deploy.0 = Release|ARM
		{9CFE2C1B-D613-4269-ABCE-262A5BDC01C1}.Ad-Hoc|iPhone.ActiveCfg = Release|x86
		{9CFE2C1B-D613-4269-ABCE-262A5BDC01C1}.Ad-Hoc|iPhone.Build.0 = Release|x86
		{9CFE2C1B-D613-4269-ABCE-262A5BDC01C1}.Ad-Hoc|iPhone.Deploy.0 = Release|x86
		{9CFE2C1B-D613-4269-ABCE-262A5BDC01C1}.Ad-Hoc|iPhoneSimulator.ActiveCfg = Release|x86
		{9CFE2C1B-D613-4269-ABCE-262A5BDC01C1}.Ad-Hoc|iPhoneSimulator.Build.0 = Release|x86
		{9CFE2C1B-D613-4269-ABCE-262A5BDC01C1}.Ad-Hoc|iPhoneSimulator.Deploy.0 = Release|x86
		{9CFE2C1B-D613-4269-ABCE-262A5BDC01C1}.Ad-Hoc|x64.ActiveCfg = Release|x64
		{9CFE2C1B-D613-4269-ABCE-262A5BDC01C1}.Ad-Hoc|x64.Build.0 = Release|x64
		{9CFE2C1B-D613-4269-ABCE-262A5BDC01C1}.Ad-Hoc|x64.Deploy.0 = Release|x64
		{9CFE2C1B-D613-4269-ABCE-262A5BDC01C1}.Ad-Hoc|x86.ActiveCfg = Release|x86
		{9CFE2C1B-D613-4269-ABCE-262A5BDC01C1}.Ad-Hoc|x86.Build.0 = Release|x86
		{9CFE2C1B-D613-4269-ABCE-262A5BDC01C1}.Ad-Hoc|x86.Deploy.0 = Release|x86
		{9CFE2C1B-D613-4269-ABCE-262A5BDC01C1}.AppStore|Any CPU.ActiveCfg = Release|x86
		{9CFE2C1B-D613-4269-ABCE-262A5BDC01C1}.AppStore|Any CPU.Build.0 = Release|x86
		{9CFE2C1B-D613-4269-ABCE-262A5BDC01C1}.AppStore|Any CPU.Deploy.0 = Release|x86
		{9CFE2C1B-D613-4269-ABCE-262A5BDC01C1}.AppStore|ARM.ActiveCfg = Release|ARM
		{9CFE2C1B-D613-4269-ABCE-262A5BDC01C1}.AppStore|ARM.Build.0 = Release|ARM
		{9CFE2C1B-D613-4269-ABCE-262A5BDC01C1}.AppStore|ARM.Deploy.0 = Release|ARM
		{9CFE2C1B-D613-4269-ABCE-262A5BDC01C1}.AppStore|iPhone.ActiveCfg = Release|x86
		{9CFE2C1B-D613-4269-ABCE-262A5BDC01C1}.AppStore|iPhone.Build.0 = Release|x86
		{9CFE2C1B-D613-4269-ABCE-262A5BDC01C1}.AppStore|iPhone.Deploy.0 = Release|x86
		{9CFE2C1B-D613-4269-ABCE-262A5BDC01C1}.AppStore|iPhoneSimulator.ActiveCfg = Release|x86
		{9CFE2C1B-D613-4269-ABCE-262A5BDC01C1}.AppStore|iPhoneSimulator.Build.0 = Release|x86
		{9CFE2C1B-D613-4269-ABCE-262A5BDC01C1}.AppStore|iPhoneSimulator.Deploy.0 = Release|x86
		{9CFE2C1B-D613-4269-ABCE-262A5BDC01C1}.AppStore|x64.ActiveCfg = Release|x64
		{9CFE2C1B-D613-4269-ABCE-262A5BDC01C1}.AppStore|x64.Build.0 = Release|x64
		{9CFE2C1B-D613-4269-ABCE-262A5BDC01C1}.AppStore|x64.Deploy.0 = Release|x64
		{9CFE2C1B-D613-4269-ABCE-262A5BDC01C1}.AppStore|x86.ActiveCfg = Release|x86
		{9CFE2C1B-D613-4269-ABCE-262A5BDC01C1}.AppStore|x86.Build.0 = Release|x86
		{9CFE2C1B-D613-4269-ABCE-262A5BDC01C1}.AppStore|x86.Deploy.0 = Release|x86
		{9CFE2C1B-D613-4269-ABCE-262A5BDC01C1}.Debug|Any CPU.ActiveCfg = Debug|x86
		{9CFE2C1B-D613-4269-ABCE-262A5BDC01C1}.Debug|Any CPU.Build.0 = Debug|x86
		{9CFE2C1B-D613-4269-ABCE-262A5BDC01C1}.Debug|Any CPU.Deploy.0 = Debug|x86
		{9CFE2C1B-D613-4269-ABCE-262A5BDC01C1}.Debug|ARM.ActiveCfg = Debug|ARM
		{9CFE2C1B-D613-4269-ABCE-262A5BDC01C1}.Debug|ARM.Build.0 = Debug|ARM
		{9CFE2C1B-D613-4269-ABCE-262A5BDC01C1}.Debug|ARM.Deploy.0 = Debug|ARM
		{9CFE2C1B-D613-4269-ABCE-262A5BDC01C1}.Debug|iPhone.ActiveCfg = Debug|x86
		{9CFE2C1B-D613-4269-ABCE-262A5BDC01C1}.Debug|iPhoneSimulator.ActiveCfg = Debug|x86
		{9CFE2C1B-D613-4269-ABCE-262A5BDC01C1}.Debug|x64.ActiveCfg = Debug|x64
		{9CFE2C1B-D613-4269-ABCE-262A5BDC01C1}.Debug|x64.Build.0 = Debug|x64
		{9CFE2C1B-D613-4269-ABCE-262A5BDC01C1}.Debug|x64.Deploy.0 = Debug|x64
		{9CFE2C1B-D613-4269-ABCE-262A5BDC01C1}.Debug|x86.ActiveCfg = Debug|x86
		{9CFE2C1B-D613-4269-ABCE-262A5BDC01C1}.Debug|x86.Build.0 = Debug|x86
		{9CFE2C1B-D613-4269-ABCE-262A5BDC01C1}.Debug|x86.Deploy.0 = Debug|x86
		{9CFE2C1B-D613-4269-ABCE-262A5BDC01C1}.Release|Any CPU.ActiveCfg = Release|x86
		{9CFE2C1B-D613-4269-ABCE-262A5BDC01C1}.Release|ARM.ActiveCfg = Release|ARM
		{9CFE2C1B-D613-4269-ABCE-262A5BDC01C1}.Release|ARM.Build.0 = Release|ARM
		{9CFE2C1B-D613-4269-ABCE-262A5BDC01C1}.Release|ARM.Deploy.0 = Release|ARM
		{9CFE2C1B-D613-4269-ABCE-262A5BDC01C1}.Release|iPhone.ActiveCfg = Release|x86
		{9CFE2C1B-D613-4269-ABCE-262A5BDC01C1}.Release|iPhoneSimulator.ActiveCfg = Release|x86
		{9CFE2C1B-D613-4269-ABCE-262A5BDC01C1}.Release|x64.ActiveCfg = Release|x64
		{9CFE2C1B-D613-4269-ABCE-262A5BDC01C1}.Release|x64.Build.0 = Release|x64
		{9CFE2C1B-D613-4269-ABCE-262A5BDC01C1}.Release|x64.Deploy.0 = Release|x64
		{9CFE2C1B-D613-4269-ABCE-262A5BDC01C1}.Release|x86.ActiveCfg = Release|x86
		{9CFE2C1B-D613-4269-ABCE-262A5BDC01C1}.Release|x86.Build.0 = Release|x86
		{9CFE2C1B-D613-4269-ABCE-262A5BDC01C1}.Release|x86.Deploy.0 = Release|x86
		{3E620DC7-D298-4E36-9082-8C9A1180ABC6}.Ad-Hoc|Any CPU.ActiveCfg = Release|Any CPU
		{3E620DC7-D298-4E36-9082-8C9A1180ABC6}.Ad-Hoc|Any CPU.Build.0 = Release|Any CPU
		{3E620DC7-D298-4E36-9082-8C9A1180ABC6}.Ad-Hoc|Any CPU.Deploy.0 = Release|Any CPU
		{3E620DC7-D298-4E36-9082-8C9A1180ABC6}.Ad-Hoc|ARM.ActiveCfg = Release|ARM
		{3E620DC7-D298-4E36-9082-8C9A1180ABC6}.Ad-Hoc|ARM.Build.0 = Release|ARM
		{3E620DC7-D298-4E36-9082-8C9A1180ABC6}.Ad-Hoc|ARM.Deploy.0 = Release|ARM
		{3E620DC7-D298-4E36-9082-8C9A1180ABC6}.Ad-Hoc|iPhone.ActiveCfg = Release|Any CPU
		{3E620DC7-D298-4E36-9082-8C9A1180ABC6}.Ad-Hoc|iPhone.Build.0 = Release|Any CPU
		{3E620DC7-D298-4E36-9082-8C9A1180ABC6}.Ad-Hoc|iPhone.Deploy.0 = Release|Any CPU
		{3E620DC7-D298-4E36-9082-8C9A1180ABC6}.Ad-Hoc|iPhoneSimulator.ActiveCfg = Release|Any CPU
		{3E620DC7-D298-4E36-9082-8C9A1180ABC6}.Ad-Hoc|iPhoneSimulator.Build.0 = Release|Any CPU
		{3E620DC7-D298-4E36-9082-8C9A1180ABC6}.Ad-Hoc|iPhoneSimulator.Deploy.0 = Release|Any CPU
		{3E620DC7-D298-4E36-9082-8C9A1180ABC6}.Ad-Hoc|x64.ActiveCfg = Release|x64
		{3E620DC7-D298-4E36-9082-8C9A1180ABC6}.Ad-Hoc|x64.Build.0 = Release|x64
		{3E620DC7-D298-4E36-9082-8C9A1180ABC6}.Ad-Hoc|x64.Deploy.0 = Release|x64
		{3E620DC7-D298-4E36-9082-8C9A1180ABC6}.Ad-Hoc|x86.ActiveCfg = Release|x86
		{3E620DC7-D298-4E36-9082-8C9A1180ABC6}.Ad-Hoc|x86.Build.0 = Release|x86
		{3E620DC7-D298-4E36-9082-8C9A1180ABC6}.Ad-Hoc|x86.Deploy.0 = Release|x86
		{3E620DC7-D298-4E36-9082-8C9A1180ABC6}.AppStore|Any CPU.ActiveCfg = Release|Any CPU
		{3E620DC7-D298-4E36-9082-8C9A1180ABC6}.AppStore|Any CPU.Build.0 = Release|Any CPU
		{3E620DC7-D298-4E36-9082-8C9A1180ABC6}.AppStore|Any CPU.Deploy.0 = Release|Any CPU
		{3E620DC7-D298-4E36-9082-8C9A1180ABC6}.AppStore|ARM.ActiveCfg = Release|ARM
		{3E620DC7-D298-4E36-9082-8C9A1180ABC6}.AppStore|ARM.Build.0 = Release|ARM
		{3E620DC7-D298-4E36-9082-8C9A1180ABC6}.AppStore|ARM.Deploy.0 = Release|ARM
		{3E620DC7-D298-4E36-9082-8C9A1180ABC6}.AppStore|iPhone.ActiveCfg = Release|Any CPU
		{3E620DC7-D298-4E36-9082-8C9A1180ABC6}.AppStore|iPhone.Build.0 = Release|Any CPU
		{3E620DC7-D298-4E36-9082-8C9A1180ABC6}.AppStore|iPhone.Deploy.0 = Release|Any CPU
		{3E620DC7-D298-4E36-9082-8C9A1180ABC6}.AppStore|iPhoneSimulator.ActiveCfg = Release|Any CPU
		{3E620DC7-D298-4E36-9082-8C9A1180ABC6}.AppStore|iPhoneSimulator.Build.0 = Release|Any CPU
		{3E620DC7-D298-4E36-9082-8C9A1180ABC6}.AppStore|iPhoneSimulator.Deploy.0 = Release|Any CPU
		{3E620DC7-D298-4E36-9082-8C9A1180ABC6}.AppStore|x64.ActiveCfg = Release|x64
		{3E620DC7-D298-4E36-9082-8C9A1180ABC6}.AppStore|x64.Build.0 = Release|x64
		{3E620DC7-D298-4E36-9082-8C9A1180ABC6}.AppStore|x64.Deploy.0 = Release|x64
		{3E620DC7-D298-4E36-9082-8C9A1180ABC6}.AppStore|x86.ActiveCfg = Release|x86
		{3E620DC7-D298-4E36-9082-8C9A1180ABC6}.AppStore|x86.Build.0 = Release|x86
		{3E620DC7-D298-4E36-9082-8C9A1180ABC6}.AppStore|x86.Deploy.0 = Release|x86
		{3E620DC7-D298-4E36-9082-8C9A1180ABC6}.Debug|Any CPU.ActiveCfg = Debug|Any CPU
		{3E620DC7-D298-4E36-9082-8C9A1180ABC6}.Debug|Any CPU.Build.0 = Debug|Any CPU
		{3E620DC7-D298-4E36-9082-8C9A1180ABC6}.Debug|Any CPU.Deploy.0 = Debug|Any CPU
		{3E620DC7-D298-4E36-9082-8C9A1180ABC6}.Debug|ARM.ActiveCfg = Debug|ARM
		{3E620DC7-D298-4E36-9082-8C9A1180ABC6}.Debug|ARM.Build.0 = Debug|ARM
		{3E620DC7-D298-4E36-9082-8C9A1180ABC6}.Debug|ARM.Deploy.0 = Debug|ARM
		{3E620DC7-D298-4E36-9082-8C9A1180ABC6}.Debug|iPhone.ActiveCfg = Debug|Any CPU
		{3E620DC7-D298-4E36-9082-8C9A1180ABC6}.Debug|iPhone.Build.0 = Debug|Any CPU
		{3E620DC7-D298-4E36-9082-8C9A1180ABC6}.Debug|iPhone.Deploy.0 = Debug|Any CPU
		{3E620DC7-D298-4E36-9082-8C9A1180ABC6}.Debug|iPhoneSimulator.ActiveCfg = Debug|Any CPU
		{3E620DC7-D298-4E36-9082-8C9A1180ABC6}.Debug|iPhoneSimulator.Build.0 = Debug|Any CPU
		{3E620DC7-D298-4E36-9082-8C9A1180ABC6}.Debug|iPhoneSimulator.Deploy.0 = Debug|Any CPU
		{3E620DC7-D298-4E36-9082-8C9A1180ABC6}.Debug|x64.ActiveCfg = Debug|x64
		{3E620DC7-D298-4E36-9082-8C9A1180ABC6}.Debug|x64.Build.0 = Debug|x64
		{3E620DC7-D298-4E36-9082-8C9A1180ABC6}.Debug|x64.Deploy.0 = Debug|x64
		{3E620DC7-D298-4E36-9082-8C9A1180ABC6}.Debug|x86.ActiveCfg = Debug|x86
		{3E620DC7-D298-4E36-9082-8C9A1180ABC6}.Debug|x86.Build.0 = Debug|x86
		{3E620DC7-D298-4E36-9082-8C9A1180ABC6}.Debug|x86.Deploy.0 = Debug|x86
		{3E620DC7-D298-4E36-9082-8C9A1180ABC6}.Release|Any CPU.ActiveCfg = Release|Any CPU
		{3E620DC7-D298-4E36-9082-8C9A1180ABC6}.Release|Any CPU.Build.0 = Release|Any CPU
		{3E620DC7-D298-4E36-9082-8C9A1180ABC6}.Release|Any CPU.Deploy.0 = Release|Any CPU
		{3E620DC7-D298-4E36-9082-8C9A1180ABC6}.Release|ARM.ActiveCfg = Release|ARM
		{3E620DC7-D298-4E36-9082-8C9A1180ABC6}.Release|ARM.Build.0 = Release|ARM
		{3E620DC7-D298-4E36-9082-8C9A1180ABC6}.Release|ARM.Deploy.0 = Release|ARM
		{3E620DC7-D298-4E36-9082-8C9A1180ABC6}.Release|iPhone.ActiveCfg = Release|Any CPU
		{3E620DC7-D298-4E36-9082-8C9A1180ABC6}.Release|iPhone.Build.0 = Release|Any CPU
		{3E620DC7-D298-4E36-9082-8C9A1180ABC6}.Release|iPhone.Deploy.0 = Release|Any CPU
		{3E620DC7-D298-4E36-9082-8C9A1180ABC6}.Release|iPhoneSimulator.ActiveCfg = Release|Any CPU
		{3E620DC7-D298-4E36-9082-8C9A1180ABC6}.Release|iPhoneSimulator.Build.0 = Release|Any CPU
		{3E620DC7-D298-4E36-9082-8C9A1180ABC6}.Release|iPhoneSimulator.Deploy.0 = Release|Any CPU
		{3E620DC7-D298-4E36-9082-8C9A1180ABC6}.Release|x64.ActiveCfg = Release|x64
		{3E620DC7-D298-4E36-9082-8C9A1180ABC6}.Release|x64.Build.0 = Release|x64
		{3E620DC7-D298-4E36-9082-8C9A1180ABC6}.Release|x64.Deploy.0 = Release|x64
		{3E620DC7-D298-4E36-9082-8C9A1180ABC6}.Release|x86.ActiveCfg = Release|x86
		{3E620DC7-D298-4E36-9082-8C9A1180ABC6}.Release|x86.Build.0 = Release|x86
		{3E620DC7-D298-4E36-9082-8C9A1180ABC6}.Release|x86.Deploy.0 = Release|x86
	EndGlobalSection
	GlobalSection(SolutionProperties) = preSolution
		HideSolutionNode = FALSE
	EndGlobalSection
EndGlobal
